
Microsoft Visual Studio Solution File, Format Version 12.00
# Visual Studio Version 17
VisualStudioVersion = 17.14.36705.20
MinimumVisualStudioVersion = 10.0.40219.1
Project("{FAE04EC0-301F-11D3-BF4B-00C04F79EFBC}") = "ConsoleApp1", "ConsoleApp1.csproj", "{0D59439C-4B69-474D-B03B-3A8AB3D7A4C1}"
EndProject
Project("{FAE04EC0-301F-11D3-BF4B-00C04F79EFBC}") = "ConsoleApp3", "..\ConsoleApp3\ConsoleApp3.csproj", "{55B8ECC2-BE13-49B6-A9C8-1E3BB311615E}"
EndProject
Global
	GlobalSection(SolutionConfigurationPlatforms) = preSolution
		Debug|Any CPU = Debug|Any CPU
		Release|Any CPU = Release|Any CPU
	EndGlobalSection
	GlobalSection(ProjectConfigurationPlatforms) = postSolution
		{0D59439C-4B69-474D-B03B-3A8AB3D7A4C1}.Debug|Any CPU.ActiveCfg = Debug|Any CPU
		{0D59439C-4B69-474D-B03B-3A8AB3D7A4C1}.Debug|Any CPU.Build.0 = Debug|Any CPU
		{0D59439C-4B69-474D-B03B-3A8AB3D7A4C1}.Release|Any CPU.ActiveCfg = Release|Any CPU
		{0D59439C-4B69-474D-B03B-3A8AB3D7A4C1}.Release|Any CPU.Build.0 = Release|Any CPU
		{55B8ECC2-BE13-49B6-A9C8-1E3BB311615E}.Debug|Any CPU.ActiveCfg = Debug|Any CPU
		{55B8ECC2-BE13-49B6-A9C8-1E3BB311615E}.Debug|Any CPU.Build.0 = Debug|Any CPU
		{55B8ECC2-BE13-49B6-A9C8-1E3BB311615E}.Release|Any CPU.ActiveCfg = Release|Any CPU
		{55B8ECC2-BE13-49B6-A9C8-1E3BB311615E}.Release|Any CPU.Build.0 = Release|Any CPU
	EndGlobalSection
	GlobalSection(SolutionProperties) = preSolution
		HideSolutionNode = FALSE
	EndGlobalSection
	GlobalSection(ExtensibilityGlobals) = postSolution
		SolutionGuid = {9C665419-FA6E-4192-9908-6F4008A86DE1}
	EndGlobalSection
EndGlobal
